
Microsoft Visual Studio Solution File, Format Version 12.00
# Visual Studio 14
VisualStudioVersion = 14.0.25123.0
MinimumVisualStudioVersion = 10.0.40219.1
Project("{FAE04EC0-301F-11D3-BF4B-00C04F79EFBC}") = "SharpDev", "SharpDev\SharpDev.csproj", "{FB31276C-B16C-467F-9619-0410899C2E76}"
EndProject
Project("{FAE04EC0-301F-11D3-BF4B-00C04F79EFBC}") = "SharpWebApi", "SharpWebApi\SharpWebApi.csproj", "{1204A885-1E30-467C-B634-F65CB382D2BA}"
EndProject
Project("{FAE04EC0-301F-11D3-BF4B-00C04F79EFBC}") = "SharpDev.Azure.Storage", "SharpDev.Azure.Storage\SharpDev.Azure.Storage.csproj", "{4C1EEAD8-1D39-49BB-9AE1-3B01F54BD699}"
EndProject
Project("{FAE04EC0-301F-11D3-BF4B-00C04F79EFBC}") = "SharpDev.JsonNet", "SharpDev.JsonNet\SharpDev.JsonNet.csproj", "{03592CE1-3E27-417B-B14C-0F5B3BFA05FF}"
EndProject
Project("{FAE04EC0-301F-11D3-BF4B-00C04F79EFBC}") = "SharpDev.AkkaNet", "SharpDev.AkkaNet\SharpDev.AkkaNet.csproj", "{D9C94EB4-63E1-4C0B-B68B-3402B1140032}"
EndProject
Project("{FAE04EC0-301F-11D3-BF4B-00C04F79EFBC}") = "SharpDev.AkkaNet.AspNet46", "SharpDev.AkkaNet.AspNet46\SharpDev.AkkaNet.AspNet46.csproj", "{344DC54E-7501-49B2-86E1-908C598FDF83}"
EndProject
Project("{FAE04EC0-301F-11D3-BF4B-00C04F79EFBC}") = "SharpWorkerNode", "SharpWorkerNode\SharpWorkerNode.csproj", "{558F7E5A-8C3F-4F56-AF39-B9CAA59D33AE}"
EndProject
Project("{FAE04EC0-301F-11D3-BF4B-00C04F79EFBC}") = "SharpDev.AspNet46", "SharpDev.AspNet46\SharpDev.AspNet46.csproj", "{95FA89AF-C6A2-486F-B972-612895FDEBB6}"
EndProject
Project("{FAE04EC0-301F-11D3-BF4B-00C04F79EFBC}") = "SharpDev.Samples.Accounting", "SharpDev.Samples.Accounting\SharpDev.Samples.Accounting.csproj", "{5C935558-ACBD-499C-877E-E06FE51271D0}"
EndProject
Global
	GlobalSection(SolutionConfigurationPlatforms) = preSolution
		Debug|Any CPU = Debug|Any CPU
		Release|Any CPU = Release|Any CPU
	EndGlobalSection
	GlobalSection(ProjectConfigurationPlatforms) = postSolution
		{FB31276C-B16C-467F-9619-0410899C2E76}.Debug|Any CPU.ActiveCfg = Debug|Any CPU
		{FB31276C-B16C-467F-9619-0410899C2E76}.Debug|Any CPU.Build.0 = Debug|Any CPU
		{FB31276C-B16C-467F-9619-0410899C2E76}.Release|Any CPU.ActiveCfg = Release|Any CPU
		{FB31276C-B16C-467F-9619-0410899C2E76}.Release|Any CPU.Build.0 = Release|Any CPU
		{1204A885-1E30-467C-B634-F65CB382D2BA}.Debug|Any CPU.ActiveCfg = Debug|Any CPU
		{1204A885-1E30-467C-B634-F65CB382D2BA}.Debug|Any CPU.Build.0 = Debug|Any CPU
		{1204A885-1E30-467C-B634-F65CB382D2BA}.Release|Any CPU.ActiveCfg = Release|Any CPU
		{1204A885-1E30-467C-B634-F65CB382D2BA}.Release|Any CPU.Build.0 = Release|Any CPU
		{4C1EEAD8-1D39-49BB-9AE1-3B01F54BD699}.Debug|Any CPU.ActiveCfg = Debug|Any CPU
		{4C1EEAD8-1D39-49BB-9AE1-3B01F54BD699}.Debug|Any CPU.Build.0 = Debug|Any CPU
		{4C1EEAD8-1D39-49BB-9AE1-3B01F54BD699}.Release|Any CPU.ActiveCfg = Release|Any CPU
		{4C1EEAD8-1D39-49BB-9AE1-3B01F54BD699}.Release|Any CPU.Build.0 = Release|Any CPU
		{03592CE1-3E27-417B-B14C-0F5B3BFA05FF}.Debug|Any CPU.ActiveCfg = Debug|Any CPU
		{03592CE1-3E27-417B-B14C-0F5B3BFA05FF}.Debug|Any CPU.Build.0 = Debug|Any CPU
		{03592CE1-3E27-417B-B14C-0F5B3BFA05FF}.Release|Any CPU.ActiveCfg = Release|Any CPU
		{03592CE1-3E27-417B-B14C-0F5B3BFA05FF}.Release|Any CPU.Build.0 = Release|Any CPU
		{D9C94EB4-63E1-4C0B-B68B-3402B1140032}.Debug|Any CPU.ActiveCfg = Debug|Any CPU
		{D9C94EB4-63E1-4C0B-B68B-3402B1140032}.Debug|Any CPU.Build.0 = Debug|Any CPU
		{D9C94EB4-63E1-4C0B-B68B-3402B1140032}.Release|Any CPU.ActiveCfg = Release|Any CPU
		{D9C94EB4-63E1-4C0B-B68B-3402B1140032}.Release|Any CPU.Build.0 = Release|Any CPU
		{344DC54E-7501-49B2-86E1-908C598FDF83}.Debug|Any CPU.ActiveCfg = Debug|Any CPU
		{344DC54E-7501-49B2-86E1-908C598FDF83}.Debug|Any CPU.Build.0 = Debug|Any CPU
		{344DC54E-7501-49B2-86E1-908C598FDF83}.Release|Any CPU.ActiveCfg = Release|Any CPU
		{344DC54E-7501-49B2-86E1-908C598FDF83}.Release|Any CPU.Build.0 = Release|Any CPU
		{558F7E5A-8C3F-4F56-AF39-B9CAA59D33AE}.Debug|Any CPU.ActiveCfg = Debug|Any CPU
		{558F7E5A-8C3F-4F56-AF39-B9CAA59D33AE}.Debug|Any CPU.Build.0 = Debug|Any CPU
		{558F7E5A-8C3F-4F56-AF39-B9CAA59D33AE}.Release|Any CPU.ActiveCfg = Release|Any CPU
		{558F7E5A-8C3F-4F56-AF39-B9CAA59D33AE}.Release|Any CPU.Build.0 = Release|Any CPU
		{95FA89AF-C6A2-486F-B972-612895FDEBB6}.Debug|Any CPU.ActiveCfg = Debug|Any CPU
		{95FA89AF-C6A2-486F-B972-612895FDEBB6}.Debug|Any CPU.Build.0 = Debug|Any CPU
		{95FA89AF-C6A2-486F-B972-612895FDEBB6}.Release|Any CPU.ActiveCfg = Release|Any CPU
		{95FA89AF-C6A2-486F-B972-612895FDEBB6}.Release|Any CPU.Build.0 = Release|Any CPU
		{5C935558-ACBD-499C-877E-E06FE51271D0}.Debug|Any CPU.ActiveCfg = Debug|Any CPU
		{5C935558-ACBD-499C-877E-E06FE51271D0}.Debug|Any CPU.Build.0 = Debug|Any CPU
		{5C935558-ACBD-499C-877E-E06FE51271D0}.Release|Any CPU.ActiveCfg = Release|Any CPU
		{5C935558-ACBD-499C-877E-E06FE51271D0}.Release|Any CPU.Build.0 = Release|Any CPU
	EndGlobalSection
	GlobalSection(SolutionProperties) = preSolution
		HideSolutionNode = FALSE
	EndGlobalSection
EndGlobal
